// !$*UTF8*$!
{
	archiveVersion = 1;
	classes = {
	};
	objectVersion = 46;
	objects = {

/* Begin PBXBuildFile section */
		6B8B01101CF820820088B681 /* AppDelegate.swift in Sources */ = {isa = PBXBuildFile; fileRef = 6B8B010F1CF820820088B681 /* AppDelegate.swift */; };
		6B8B01121CF820820088B681 /* ViewController.swift in Sources */ = {isa = PBXBuildFile; fileRef = 6B8B01111CF820820088B681 /* ViewController.swift */; };
		6B8B01151CF820820088B681 /* Main.storyboard in Resources */ = {isa = PBXBuildFile; fileRef = 6B8B01131CF820820088B681 /* Main.storyboard */; };
		6B8B01171CF820820088B681 /* Assets.xcassets in Resources */ = {isa = PBXBuildFile; fileRef = 6B8B01161CF820820088B681 /* Assets.xcassets */; };
		6B8B011A1CF820820088B681 /* LaunchScreen.storyboard in Resources */ = {isa = PBXBuildFile; fileRef = 6B8B01181CF820820088B681 /* LaunchScreen.storyboard */; };
/* End PBXBuildFile section */

/* Begin PBXFileReference section */
		6B8B010C1CF820820088B681 /* ACAppCopyLayout.app */ = {isa = PBXFileReference; explicitFileType = wrapper.application; includeInIndex = 0; path = ACAppCopyLayout.app; sourceTree = BUILT_PRODUCTS_DIR; };
		6B8B010F1CF820820088B681 /* AppDelegate.swift */ = {isa = PBXFileReference; lastKnownFileType = sourcecode.swift; path = AppDelegate.swift; sourceTree = "<group>"; };
		6B8B01111CF820820088B681 /* ViewController.swift */ = {isa = PBXFileReference; lastKnownFileType = sourcecode.swift; path = ViewController.swift; sourceTree = "<group>"; };
		6B8B01141CF820820088B681 /* Base */ = {isa = PBXFileReference; lastKnownFileType = file.storyboard; name = Base; path = Base.lproj/Main.storyboard; sourceTree = "<group>"; };
		6B8B01161CF820820088B681 /* Assets.xcassets */ = {isa = PBXFileReference; lastKnownFileType = folder.assetcatalog; path = Assets.xcassets; sourceTree = "<group>"; };
		6B8B01191CF820820088B681 /* Base */ = {isa = PBXFileReference; lastKnownFileType = file.storyboard; name = Base; path = Base.lproj/LaunchScreen.storyboard; sourceTree = "<group>"; };
		6B8B011B1CF820820088B681 /* Info.plist */ = {isa = PBXFileReference; lastKnownFileType = text.plist.xml; path = Info.plist; sourceTree = "<group>"; };
/* End PBXFileReference section */

/* Begin PBXFrameworksBuildPhase section */
		6B8B01091CF820820088B681 /* Frameworks */ = {
			isa = PBXFrameworksBuildPhase;
			buildActionMask = 2147483647;
			files = (
			);
			runOnlyForDeploymentPostprocessing = 0;
		};
/* End PBXFrameworksBuildPhase section */

/* Begin PBXGroup section */
		6B8B01031CF820820088B681 = {
			isa = PBXGroup;
			children = (
				6B8B010E1CF820820088B681 /* ACAppCopyLayout */,
				6B8B010D1CF820820088B681 /* Products */,
			);
			sourceTree = "<group>";
		};
		6B8B010D1CF820820088B681 /* Products */ = {
			isa = PBXGroup;
			children = (
				6B8B010C1CF820820088B681 /* ACAppCopyLayout.app */,
			);
			name = Products;
			sourceTree = "<group>";
		};
		6B8B010E1CF820820088B681 /* ACAppCopyLayout */ = {
			isa = PBXGroup;
			children = (
				6B8B010F1CF820820088B681 /* AppDelegate.swift */,
				6B8B01111CF820820088B681 /* ViewController.swift */,
				6B8B01131CF820820088B681 /* Main.storyboard */,
				6B8B01161CF820820088B681 /* Assets.xcassets */,
				6B8B01181CF820820088B681 /* LaunchScreen.storyboard */,
				6B8B011B1CF820820088B681 /* Info.plist */,
			);
			path = ACAppCopyLayout;
			sourceTree = "<group>";
		};
/* End PBXGroup section */

/* Begin PBXNativeTarget section */
		6B8B010B1CF820820088B681 /* ACAppCopyLayout */ = {
			isa = PBXNativeTarget;
			buildConfigurationList = 6B8B011E1CF820820088B681 /* Build configuration list for PBXNativeTarget "ACAppCopyLayout" */;
			buildPhases = (
				6B8B01081CF820820088B681 /* Sources */,
				6B8B01091CF820820088B681 /* Frameworks */,
				6B8B010A1CF820820088B681 /* Resources */,
			);
			buildRules = (
			);
			dependencies = (
			);
			name = ACAppCopyLayout;
			productName = ACAppCopyLayout;
			productReference = 6B8B010C1CF820820088B681 /* ACAppCopyLayout.app */;
			productType = "com.apple.product-type.application";
		};
/* End PBXNativeTarget section */

/* Begin PBXProject section */
		6B8B01041CF820820088B681 /* Project object */ = {
			isa = PBXProject;
			attributes = {
				LastSwiftUpdateCheck = 0730;
				LastUpgradeCheck = 0730;
				ORGANIZATIONNAME = YeouTimothy;
				TargetAttributes = {
					6B8B010B1CF820820088B681 = {
						CreatedOnToolsVersion = 7.3.1;
					};
				};
			};
			buildConfigurationList = 6B8B01071CF820820088B681 /* Build configuration list for PBXProject "ACAppCopyLayout" */;
			compatibilityVersion = "Xcode 3.2";
			developmentRegion = English;
			hasScannedForEncodings = 0;
			knownRegions = (
				en,
				Base,
			);
			mainGroup = 6B8B01031CF820820088B681;
			productRefGroup = 6B8B010D1CF820820088B681 /* Products */;
			projectDirPath = "";
			projectRoot = "";
			targets = (
				6B8B010B1CF820820088B681 /* ACAppCopyLayout */,
			);
		};
/* End PBXProject section */

/* Begin PBXResourcesBuildPhase section */
		6B8B010A1CF820820088B681 /* Resources */ = {
			isa = PBXResourcesBuildPhase;
			buildActionMask = 2147483647;
			files = (
				6B8B011A1CF820820088B681 /* LaunchScreen.storyboard in Resources */,
				6B8B01171CF820820088B681 /* Assets.xcassets in Resources */,
				6B8B01151CF820820088B681 /* Main.storyboard in Resources */,
			);
			runOnlyForDeploymentPostprocessing = 0;
		};
/* End PBXResourcesBuildPhase section */

/* Begin PBXSourcesBuildPhase section */
		6B8B01081CF820820088B681 /* Sources */ = {
			isa = PBXSourcesBuildPhase;
			buildActionMask = 2147483647;
			files = (
				6B8B01121CF820820088B681 /* ViewController.swift in Sources */,
				6B8B01101CF820820088B681 /* AppDelegate.swift in Sources */,
			);
			runOnlyForDeploymentPostprocessing = 0;
		};
/* End PBXSourcesBuildPhase section */

/* Begin PBXVariantGroup section */
		6B8B01131CF820820088B681 /* Main.storyboard */ = {
			isa = PBXVariantGroup;
			children = (
				6B8B01141CF820820088B681 /* Base */,
			);
			name = Main.storyboard;
			sourceTree = "<group>";
		};
		6B8B01181CF820820088B681 /* LaunchScreen.storyboard */ = {
			isa = PBXVariantGroup;
			children = (
				6B8B01191CF820820088B681 /* Base */,
			);
			name = LaunchScreen.storyboard;
			sourceTree = "<group>";
		};
/* End PBXVariantGroup section */

/* Begin XCBuildConfiguration section */
		6B8B011C1CF820820088B681 /* Debug */ = {
			isa = XCBuildConfiguration;
			buildSettings = {
				ALWAYS_SEARCH_USER_PATHS = NO;
				CLANG_ANALYZER_NONNULL = YES;
				CLANG_CXX_LANGUAGE_STANDARD = "gnu++0x";
				CLANG_CXX_LIBRARY = "libc++";
				CLANG_ENABLE_MODULES = YES;
				CLANG_ENABLE_OBJC_ARC = YES;
				CLANG_WARN_BOOL_CONVERSION = YES;
				CLANG_WARN_CONSTANT_CONVERSION = YES;
				CLANG_WARN_DIRECT_OBJC_ISA_USAGE = YES_ERROR;
				CLANG_WARN_EMPTY_BODY = YES;
				CLANG_WARN_ENUM_CONVERSION = YES;
				CLANG_WARN_INT_CONVERSION = YES;
				CLANG_WARN_OBJC_ROOT_CLASS = YES_ERROR;
				CLANG_WARN_UNREACHABLE_CODE = YES;
				CLANG_WARN__DUPLICATE_METHOD_MATCH = YES;
				"CODE_SIGN_IDENTITY[sdk=iphoneos*]" = "iPhone Developer";
				COPY_PHASE_STRIP = NO;
				DEBUG_INFORMATION_FORMAT = dwarf;
				ENABLE_STRICT_OBJC_MSGSEND = YES;
				ENABLE_TESTABILITY = YES;
				GCC_C_LANGUAGE_STANDARD = gnu99;
				GCC_DYNAMIC_NO_PIC = NO;
				GCC_NO_COMMON_BLOCKS = YES;
				GCC_OPTIMIZATION_LEVEL = 0;
				GCC_PREPROCESSOR_DEFINITIONS = (
					"DEBUG=1",
					"$(inherited)",
				);
				GCC_WARN_64_TO_32_BIT_CONVERSION = YES;
				GCC_WARN_ABOUT_RETURN_TYPE = YES_ERROR;
				GCC_WARN_UNDECLARED_SELECTOR = YES;
				GCC_WARN_UNINITIALIZED_AUTOS = YES_AGGRESSIVE;
				GCC_WARN_UNUSED_FUNCTION = YES;
				GCC_WARN_UNUSED_VARIABLE = YES;
				IPHONEOS_DEPLOYMENT_TARGET = 9.3;
				MTL_ENABLE_DEBUG_INFO = YES;
				ONLY_ACTIVE_ARCH = YES;
				SDKROOT = iphoneos;
				SWIFT_OPTIMIZATION_LEVEL = "-Onone";
				TARGETED_DEVICE_FAMILY = "1,2";
			};
			name = Debug;
		};
		6B8B011D1CF820820088B681 /* Release */ = {
			isa = XCBuildConfiguration;
			buildSettings = {
				ALWAYS_SEARCH_USER_PATHS = NO;
				CLANG_ANALYZER_NONNULL = YES;
				CLANG_CXX_LANGUAGE_STANDARD = "gnu++0x";
				CLANG_CXX_LIBRARY = "libc++";
				CLANG_ENABLE_MODULES = YES;
				CLANG_ENABLE_OBJC_ARC = YES;
				CLANG_WARN_BOOL_CONVERSION = YES;
				CLANG_WARN_CONSTANT_CONVERSION = YES;
				CLANG_WARN_DIRECT_OBJC_ISA_USAGE = YES_ERROR;
				CLANG_WARN_EMPTY_BODY = YES;
				CLANG_WARN_ENUM_CONVERSION = YES;
				CLANG_WARN_INT_CONVERSION = YES;
				CLANG_WARN_OBJC_ROOT_CLASS = YES_ERROR;
				CLANG_WARN_UNREACHABLE_CODE = YES;
				CLANG_WARN__DUPLICATE_METHOD_MATCH = YES;
				"CODE_SIGN_IDENTITY[sdk=iphoneos*]" = "iPhone Developer";
				COPY_PHASE_STRIP = NO;
				DEBUG_INFORMATION_FORMAT = "dwarf-with-dsym";
				ENABLE_NS_ASSERTIONS = NO;
				ENABLE_STRICT_OBJC_MSGSEND = YES;
				GCC_C_LANGUAGE_STANDARD = gnu99;
				GCC_NO_COMMON_BLOCKS = YES;
				GCC_WARN_64_TO_32_BIT_CONVERSION = YES;
				GCC_WARN_ABOUT_RETURN_TYPE = YES_ERROR;
				GCC_WARN_UNDECLARED_SELECTOR = YES;
				GCC_WARN_UNINITIALIZED_AUTOS = YES_AGGRESSIVE;
				GCC_WARN_UNUSED_FUNCTION = YES;
				GCC_WARN_UNUSED_VARIABLE = YES;
				IPHONEOS_DEPLOYMENT_TARGET = 9.3;
				MTL_ENABLE_DEBUG_INFO = NO;
				SDKROOT = iphoneos;
				TARGETED_DEVICE_FAMILY = "1,2";
				VALIDATE_PRODUCT = YES;
			};
			name = Release;
		};
		6B8B011F1CF820820088B681 /* Debug */ = {
			isa = XCBuildConfiguration;
			buildSettings = {
				ASSETCATALOG_COMPILER_APPICON_NAME = AppIcon;
				INFOPLIST_FILE = ACAppCopyLayout/Info.plist;
				LD_RUNPATH_SEARCH_PATHS = "$(inherited) @executable_path/Frameworks";
				PRODUCT_BUNDLE_IDENTIFIER = com.Mute.ACAppCopyLayout;
				PRODUCT_NAME = "$(TARGET_NAME)";
			};
			name = Debug;
		};
		6B8B01201CF820820088B681 /* Release */ = {
			isa = XCBuildConfiguration;
			buildSettings = {
				ASSETCATALOG_COMPILER_APPICON_NAME = AppIcon;
				INFOPLIST_FILE = ACAppCopyLayout/Info.plist;
				LD_RUNPATH_SEARCH_PATHS = "$(inherited) @executable_path/Frameworks";
				PRODUCT_BUNDLE_IDENTIFIER = com.Mute.ACAppCopyLayout;
				PRODUCT_NAME = "$(TARGET_NAME)";
			};
			name = Release;
		};
/* End XCBuildConfiguration section */

/* Begin XCConfigurationList section */
		6B8B01071CF820820088B681 /* Build configuration list for PBXProject "ACAppCopyLayout" */ = {
			isa = XCConfigurationList;
			buildConfigurations = (
				6B8B011C1CF820820088B681 /* Debug */,
				6B8B011D1CF820820088B681 /* Release */,
			);
			defaultConfigurationIsVisible = 0;
			defaultConfigurationName = Release;
		};
		6B8B011E1CF820820088B681 /* Build configuration list for PBXNativeTarget "ACAppCopyLayout" */ = {
			isa = XCConfigurationList;
			buildConfigurations = (
				6B8B011F1CF820820088B681 /* Debug */,
				6B8B01201CF820820088B681 /* Release */,
			);
			defaultConfigurationIsVisible = 0;
		};
/* End XCConfigurationList section */
	};
	rootObject = 6B8B01041CF820820088B681 /* Project object */;
}
